
Microsoft Visual Studio Solution File, Format Version 12.00
# Visual Studio Version 16
VisualStudioVersion = 16.0.29926.136
MinimumVisualStudioVersion = 10.0.40219.1
Project("{FAE04EC0-301F-11D3-BF4B-00C04F79EFBC}") = "wpf-clock-app", "wpf-clock-app\wpf-clock-app.csproj", "{F53C6EE8-17E1-4F42-B2AF-544D31757006}"
EndProject
Global
	GlobalSection(SolutionConfigurationPlatforms) = preSolution
		Debug|Any CPU = Debug|Any CPU
		Release|Any CPU = Release|Any CPU
	EndGlobalSection
	GlobalSection(ProjectConfigurationPlatforms) = postSolution
		{F53C6EE8-17E1-4F42-B2AF-544D31757006}.Debug|Any CPU.ActiveCfg = Debug|Any CPU
		{F53C6EE8-17E1-4F42-B2AF-544D31757006}.Debug|Any CPU.Build.0 = Debug|Any CPU
		{F53C6EE8-17E1-4F42-B2AF-544D31757006}.Release|Any CPU.ActiveCfg = Release|Any CPU
		{F53C6EE8-17E1-4F42-B2AF-544D31757006}.Release|Any CPU.Build.0 = Release|Any CPU
	EndGlobalSection
	GlobalSection(SolutionProperties) = preSolution
		HideSolutionNode = FALSE
	EndGlobalSection
	GlobalSection(ExtensibilityGlobals) = postSolution
		SolutionGuid = {F2E7ABF1-6A80-42E1-8F21-077D7710BCFC}
	EndGlobalSection
EndGlobal
